
Microsoft Visual Studio Solution File, Format Version 12.00
# Visual Studio Version 17
VisualStudioVersion = 17.1.32210.238
MinimumVisualStudioVersion = 10.0.40219.1
Project("{9A19103F-16F7-4668-BE54-9A1E7A4F7556}") = "PathfinderCombatSimulator.ConsoleUI", "PathfinderCombatSimulator.ConsoleUI\PathfinderCombatSimulator.ConsoleUI.csproj", "{A84EA316-C830-4FEC-8FF4-3B4FB00F6388}"
EndProject
Project("{9A19103F-16F7-4668-BE54-9A1E7A4F7556}") = "PathfinderCombatSimulator.ClassLibrary", "PathfinderCombatSimulator.ClassLibrary\PathfinderCombatSimulator.ClassLibrary.csproj", "{B356EF2C-D223-48E7-A5CB-E1BBCF2CC0E8}"
EndProject
Project("{9A19103F-16F7-4668-BE54-9A1E7A4F7556}") = "PathfinderCombatSimulator.StaticDefinitions", "PathfinderCombatSimulator.Data\PathfinderCombatSimulator.StaticDefinitions.csproj", "{B751BCDF-CD52-4905-A0C9-457363A01393}"
EndProject
Project("{2150E333-8FDC-42A3-9474-1A3956D46DE8}") = "CSharp", "CSharp", "{B4AF11A9-A0FA-477C-86B9-23AB2376B370}"
EndProject
Project("{2150E333-8FDC-42A3-9474-1A3956D46DE8}") = "CPlusPlus", "CPlusPlus", "{85AF0111-4C8A-4533-92E9-F303C8A66441}"
EndProject
Project("{8BC9CEB8-8B4A-11D0-8D11-00A0C91BC942}") = "PathfinderCombatSimulator.ConsoleCpp", "CPlusPlus\PathfinderCombatSimulator.ConsoleCpp\PathfinderCombatSimulator.ConsoleCpp.vcxproj", "{940482CA-A24B-4749-98AC-639450F66D3F}"
EndProject
Project("{8BC9CEB8-8B4A-11D0-8D11-00A0C91BC942}") = "PathfinderCombatSimulator.ConsoleGpp", "CPlusPlus\PathfinderCombatSimulator.ConsoleGpp\PathfinderCombatSimulator.ConsoleGpp.vcxproj", "{FFC54932-7F85-4DEA-906D-884235DEB6BE}"
EndProject
Project("{2150E333-8FDC-42A3-9474-1A3956D46DE8}") = "Database", "Database", "{A6E2D6C7-43D0-43BD-A607-7EB2BA722444}"
	ProjectSection(SolutionItems) = preProject
		CreateDatabase.sql = CreateDatabase.sql
	EndProjectSection
EndProject
Global
	GlobalSection(SolutionConfigurationPlatforms) = preSolution
		Debug|Any CPU = Debug|Any CPU
		Debug|ARM = Debug|ARM
		Debug|ARM64 = Debug|ARM64
		Debug|x64 = Debug|x64
		Debug|x86 = Debug|x86
		Release|Any CPU = Release|Any CPU
		Release|ARM = Release|ARM
		Release|ARM64 = Release|ARM64
		Release|x64 = Release|x64
		Release|x86 = Release|x86
	EndGlobalSection
	GlobalSection(ProjectConfigurationPlatforms) = postSolution
		{A84EA316-C830-4FEC-8FF4-3B4FB00F6388}.Debug|Any CPU.ActiveCfg = Debug|Any CPU
		{A84EA316-C830-4FEC-8FF4-3B4FB00F6388}.Debug|Any CPU.Build.0 = Debug|Any CPU
		{A84EA316-C830-4FEC-8FF4-3B4FB00F6388}.Debug|ARM.ActiveCfg = Debug|Any CPU
		{A84EA316-C830-4FEC-8FF4-3B4FB00F6388}.Debug|ARM.Build.0 = Debug|Any CPU
		{A84EA316-C830-4FEC-8FF4-3B4FB00F6388}.Debug|ARM64.ActiveCfg = Debug|Any CPU
		{A84EA316-C830-4FEC-8FF4-3B4FB00F6388}.Debug|ARM64.Build.0 = Debug|Any CPU
		{A84EA316-C830-4FEC-8FF4-3B4FB00F6388}.Debug|x64.ActiveCfg = Debug|Any CPU
		{A84EA316-C830-4FEC-8FF4-3B4FB00F6388}.Debug|x64.Build.0 = Debug|Any CPU
		{A84EA316-C830-4FEC-8FF4-3B4FB00F6388}.Debug|x86.ActiveCfg = Debug|Any CPU
		{A84EA316-C830-4FEC-8FF4-3B4FB00F6388}.Debug|x86.Build.0 = Debug|Any CPU
		{A84EA316-C830-4FEC-8FF4-3B4FB00F6388}.Release|Any CPU.ActiveCfg = Release|Any CPU
		{A84EA316-C830-4FEC-8FF4-3B4FB00F6388}.Release|Any CPU.Build.0 = Release|Any CPU
		{A84EA316-C830-4FEC-8FF4-3B4FB00F6388}.Release|ARM.ActiveCfg = Release|Any CPU
		{A84EA316-C830-4FEC-8FF4-3B4FB00F6388}.Release|ARM.Build.0 = Release|Any CPU
		{A84EA316-C830-4FEC-8FF4-3B4FB00F6388}.Release|ARM64.ActiveCfg = Release|Any CPU
		{A84EA316-C830-4FEC-8FF4-3B4FB00F6388}.Release|ARM64.Build.0 = Release|Any CPU
		{A84EA316-C830-4FEC-8FF4-3B4FB00F6388}.Release|x64.ActiveCfg = Release|Any CPU
		{A84EA316-C830-4FEC-8FF4-3B4FB00F6388}.Release|x64.Build.0 = Release|Any CPU
		{A84EA316-C830-4FEC-8FF4-3B4FB00F6388}.Release|x86.ActiveCfg = Release|Any CPU
		{A84EA316-C830-4FEC-8FF4-3B4FB00F6388}.Release|x86.Build.0 = Release|Any CPU
		{B356EF2C-D223-48E7-A5CB-E1BBCF2CC0E8}.Debug|Any CPU.ActiveCfg = Debug|Any CPU
		{B356EF2C-D223-48E7-A5CB-E1BBCF2CC0E8}.Debug|Any CPU.Build.0 = Debug|Any CPU
		{B356EF2C-D223-48E7-A5CB-E1BBCF2CC0E8}.Debug|ARM.ActiveCfg = Debug|Any CPU
		{B356EF2C-D223-48E7-A5CB-E1BBCF2CC0E8}.Debug|ARM.Build.0 = Debug|Any CPU
		{B356EF2C-D223-48E7-A5CB-E1BBCF2CC0E8}.Debug|ARM64.ActiveCfg = Debug|Any CPU
		{B356EF2C-D223-48E7-A5CB-E1BBCF2CC0E8}.Debug|ARM64.Build.0 = Debug|Any CPU
		{B356EF2C-D223-48E7-A5CB-E1BBCF2CC0E8}.Debug|x64.ActiveCfg = Debug|Any CPU
		{B356EF2C-D223-48E7-A5CB-E1BBCF2CC0E8}.Debug|x64.Build.0 = Debug|Any CPU
		{B356EF2C-D223-48E7-A5CB-E1BBCF2CC0E8}.Debug|x86.ActiveCfg = Debug|Any CPU
		{B356EF2C-D223-48E7-A5CB-E1BBCF2CC0E8}.Debug|x86.Build.0 = Debug|Any CPU
		{B356EF2C-D223-48E7-A5CB-E1BBCF2CC0E8}.Release|Any CPU.ActiveCfg = Release|Any CPU
		{B356EF2C-D223-48E7-A5CB-E1BBCF2CC0E8}.Release|Any CPU.Build.0 = Release|Any CPU
		{B356EF2C-D223-48E7-A5CB-E1BBCF2CC0E8}.Release|ARM.ActiveCfg = Release|Any CPU
		{B356EF2C-D223-48E7-A5CB-E1BBCF2CC0E8}.Release|ARM.Build.0 = Release|Any CPU
		{B356EF2C-D223-48E7-A5CB-E1BBCF2CC0E8}.Release|ARM64.ActiveCfg = Release|Any CPU
		{B356EF2C-D223-48E7-A5CB-E1BBCF2CC0E8}.Release|ARM64.Build.0 = Release|Any CPU
		{B356EF2C-D223-48E7-A5CB-E1BBCF2CC0E8}.Release|x64.ActiveCfg = Release|Any CPU
		{B356EF2C-D223-48E7-A5CB-E1BBCF2CC0E8}.Release|x64.Build.0 = Release|Any CPU
		{B356EF2C-D223-48E7-A5CB-E1BBCF2CC0E8}.Release|x86.ActiveCfg = Release|Any CPU
		{B356EF2C-D223-48E7-A5CB-E1BBCF2CC0E8}.Release|x86.Build.0 = Release|Any CPU
		{B751BCDF-CD52-4905-A0C9-457363A01393}.Debug|Any CPU.ActiveCfg = Debug|Any CPU
		{B751BCDF-CD52-4905-A0C9-457363A01393}.Debug|Any CPU.Build.0 = Debug|Any CPU
		{B751BCDF-CD52-4905-A0C9-457363A01393}.Debug|ARM.ActiveCfg = Debug|Any CPU
		{B751BCDF-CD52-4905-A0C9-457363A01393}.Debug|ARM.Build.0 = Debug|Any CPU
		{B751BCDF-CD52-4905-A0C9-457363A01393}.Debug|ARM64.ActiveCfg = Debug|Any CPU
		{B751BCDF-CD52-4905-A0C9-457363A01393}.Debug|ARM64.Build.0 = Debug|Any CPU
		{B751BCDF-CD52-4905-A0C9-457363A01393}.Debug|x64.ActiveCfg = Debug|Any CPU
		{B751BCDF-CD52-4905-A0C9-457363A01393}.Debug|x64.Build.0 = Debug|Any CPU
		{B751BCDF-CD52-4905-A0C9-457363A01393}.Debug|x86.ActiveCfg = Debug|Any CPU
		{B751BCDF-CD52-4905-A0C9-457363A01393}.Debug|x86.Build.0 = Debug|Any CPU
		{B751BCDF-CD52-4905-A0C9-457363A01393}.Release|Any CPU.ActiveCfg = Release|Any CPU
		{B751BCDF-CD52-4905-A0C9-457363A01393}.Release|Any CPU.Build.0 = Release|Any CPU
		{B751BCDF-CD52-4905-A0C9-457363A01393}.Release|ARM.ActiveCfg = Release|Any CPU
		{B751BCDF-CD52-4905-A0C9-457363A01393}.Release|ARM.Build.0 = Release|Any CPU
		{B751BCDF-CD52-4905-A0C9-457363A01393}.Release|ARM64.ActiveCfg = Release|Any CPU
		{B751BCDF-CD52-4905-A0C9-457363A01393}.Release|ARM64.Build.0 = Release|Any CPU
		{B751BCDF-CD52-4905-A0C9-457363A01393}.Release|x64.ActiveCfg = Release|Any CPU
		{B751BCDF-CD52-4905-A0C9-457363A01393}.Release|x64.Build.0 = Release|Any CPU
		{B751BCDF-CD52-4905-A0C9-457363A01393}.Release|x86.ActiveCfg = Release|Any CPU
		{B751BCDF-CD52-4905-A0C9-457363A01393}.Release|x86.Build.0 = Release|Any CPU
		{940482CA-A24B-4749-98AC-639450F66D3F}.Debug|Any CPU.ActiveCfg = Debug|x64
		{940482CA-A24B-4749-98AC-639450F66D3F}.Debug|Any CPU.Build.0 = Debug|x64
		{940482CA-A24B-4749-98AC-639450F66D3F}.Debug|ARM.ActiveCfg = Debug|x64
		{940482CA-A24B-4749-98AC-639450F66D3F}.Debug|ARM.Build.0 = Debug|x64
		{940482CA-A24B-4749-98AC-639450F66D3F}.Debug|ARM64.ActiveCfg = Debug|x64
		{940482CA-A24B-4749-98AC-639450F66D3F}.Debug|ARM64.Build.0 = Debug|x64
		{940482CA-A24B-4749-98AC-639450F66D3F}.Debug|x64.ActiveCfg = Debug|x64
		{940482CA-A24B-4749-98AC-639450F66D3F}.Debug|x64.Build.0 = Debug|x64
		{940482CA-A24B-4749-98AC-639450F66D3F}.Debug|x86.ActiveCfg = Debug|Win32
		{940482CA-A24B-4749-98AC-639450F66D3F}.Debug|x86.Build.0 = Debug|Win32
		{940482CA-A24B-4749-98AC-639450F66D3F}.Release|Any CPU.ActiveCfg = Release|x64
		{940482CA-A24B-4749-98AC-639450F66D3F}.Release|Any CPU.Build.0 = Release|x64
		{940482CA-A24B-4749-98AC-639450F66D3F}.Release|ARM.ActiveCfg = Release|x64
		{940482CA-A24B-4749-98AC-639450F66D3F}.Release|ARM.Build.0 = Release|x64
		{940482CA-A24B-4749-98AC-639450F66D3F}.Release|ARM64.ActiveCfg = Release|x64
		{940482CA-A24B-4749-98AC-639450F66D3F}.Release|ARM64.Build.0 = Release|x64
		{940482CA-A24B-4749-98AC-639450F66D3F}.Release|x64.ActiveCfg = Release|x64
		{940482CA-A24B-4749-98AC-639450F66D3F}.Release|x64.Build.0 = Release|x64
		{940482CA-A24B-4749-98AC-639450F66D3F}.Release|x86.ActiveCfg = Release|Win32
		{940482CA-A24B-4749-98AC-639450F66D3F}.Release|x86.Build.0 = Release|Win32
		{FFC54932-7F85-4DEA-906D-884235DEB6BE}.Debug|Any CPU.ActiveCfg = Debug|x64
		{FFC54932-7F85-4DEA-906D-884235DEB6BE}.Debug|Any CPU.Build.0 = Debug|x64
		{FFC54932-7F85-4DEA-906D-884235DEB6BE}.Debug|Any CPU.Deploy.0 = Debug|x64
		{FFC54932-7F85-4DEA-906D-884235DEB6BE}.Debug|ARM.ActiveCfg = Debug|ARM
		{FFC54932-7F85-4DEA-906D-884235DEB6BE}.Debug|ARM.Build.0 = Debug|ARM
		{FFC54932-7F85-4DEA-906D-884235DEB6BE}.Debug|ARM.Deploy.0 = Debug|ARM
		{FFC54932-7F85-4DEA-906D-884235DEB6BE}.Debug|ARM64.ActiveCfg = Debug|ARM64
		{FFC54932-7F85-4DEA-906D-884235DEB6BE}.Debug|ARM64.Build.0 = Debug|ARM64
		{FFC54932-7F85-4DEA-906D-884235DEB6BE}.Debug|ARM64.Deploy.0 = Debug|ARM64
		{FFC54932-7F85-4DEA-906D-884235DEB6BE}.Debug|x64.ActiveCfg = Debug|x64
		{FFC54932-7F85-4DEA-906D-884235DEB6BE}.Debug|x64.Build.0 = Debug|x64
		{FFC54932-7F85-4DEA-906D-884235DEB6BE}.Debug|x64.Deploy.0 = Debug|x64
		{FFC54932-7F85-4DEA-906D-884235DEB6BE}.Debug|x86.ActiveCfg = Debug|x86
		{FFC54932-7F85-4DEA-906D-884235DEB6BE}.Debug|x86.Build.0 = Debug|x86
		{FFC54932-7F85-4DEA-906D-884235DEB6BE}.Debug|x86.Deploy.0 = Debug|x86
		{FFC54932-7F85-4DEA-906D-884235DEB6BE}.Release|Any CPU.ActiveCfg = Release|x64
		{FFC54932-7F85-4DEA-906D-884235DEB6BE}.Release|Any CPU.Build.0 = Release|x64
		{FFC54932-7F85-4DEA-906D-884235DEB6BE}.Release|Any CPU.Deploy.0 = Release|x64
		{FFC54932-7F85-4DEA-906D-884235DEB6BE}.Release|ARM.ActiveCfg = Release|ARM
		{FFC54932-7F85-4DEA-906D-884235DEB6BE}.Release|ARM.Build.0 = Release|ARM
		{FFC54932-7F85-4DEA-906D-884235DEB6BE}.Release|ARM.Deploy.0 = Release|ARM
		{FFC54932-7F85-4DEA-906D-884235DEB6BE}.Release|ARM64.ActiveCfg = Release|ARM64
		{FFC54932-7F85-4DEA-906D-884235DEB6BE}.Release|ARM64.Build.0 = Release|ARM64
		{FFC54932-7F85-4DEA-906D-884235DEB6BE}.Release|ARM64.Deploy.0 = Release|ARM64
		{FFC54932-7F85-4DEA-906D-884235DEB6BE}.Release|x64.ActiveCfg = Release|x64
		{FFC54932-7F85-4DEA-906D-884235DEB6BE}.Release|x64.Build.0 = Release|x64
		{FFC54932-7F85-4DEA-906D-884235DEB6BE}.Release|x64.Deploy.0 = Release|x64
		{FFC54932-7F85-4DEA-906D-884235DEB6BE}.Release|x86.ActiveCfg = Release|x86
		{FFC54932-7F85-4DEA-906D-884235DEB6BE}.Release|x86.Build.0 = Release|x86
		{FFC54932-7F85-4DEA-906D-884235DEB6BE}.Release|x86.Deploy.0 = Release|x86
	EndGlobalSection
	GlobalSection(SolutionProperties) = preSolution
		HideSolutionNode = FALSE
	EndGlobalSection
	GlobalSection(NestedProjects) = preSolution
		{A84EA316-C830-4FEC-8FF4-3B4FB00F6388} = {B4AF11A9-A0FA-477C-86B9-23AB2376B370}
		{B356EF2C-D223-48E7-A5CB-E1BBCF2CC0E8} = {B4AF11A9-A0FA-477C-86B9-23AB2376B370}
		{B751BCDF-CD52-4905-A0C9-457363A01393} = {B4AF11A9-A0FA-477C-86B9-23AB2376B370}
		{940482CA-A24B-4749-98AC-639450F66D3F} = {85AF0111-4C8A-4533-92E9-F303C8A66441}
		{FFC54932-7F85-4DEA-906D-884235DEB6BE} = {85AF0111-4C8A-4533-92E9-F303C8A66441}
	EndGlobalSection
	GlobalSection(ExtensibilityGlobals) = postSolution
		SolutionGuid = {0483FE8E-53AD-4A6E-BC3C-6397D49020A2}
	EndGlobalSection
EndGlobal
